{"version":4,"terraform_version":"1.12.5","serial":14,"lineage":"f6e101b4-3e58-0028-b293-e8c6a4f803a7","outputs":{},"resources":[{"mode":"managed","type":"incus_instance","name":"app-api","provider":"provider[\"registry.terraform.io/lxc/incus\"]","instances":[{"schema_version":0,"attributes":{"architecture":"x86_64","config":{"security.nesting":"true"},"description":"","device":[{"name":"eth0","properties":{"ipv4.address":"10.10.0.97","network":"red-reservas"},"type":"nic"}],"ephemeral":false,"exec":null,"file":[],"image":"images:ubuntu/22.04","ipv4_address":"10.10.0.143","ipv6_address":"fd42:78ba:e808:b1fa:1266:6aff:fe77:2cce","mac_address":"10:66:6a:77:2c:ce","name":"app-api","profiles":["default"],"project":null,"remote":null,"running":true,"source_file":null,"source_instance":null,"status":"Running","target":"","type":"container","wait_for":[]},"sensitive_attributes":[]}]},{"mode":"managed","type":"incus_instance","name":"app-core","provider":"provider[\"registry.terraform.io/lxc/incus\"]","instances":[{"schema_version":0,"attributes":{"architecture":"x86_64","config":{"security.nesting":"true"},"description":"","device":[{"name":"eth0","properties":{"ipv4.address":"10.10.0.96","network":"red-reservas"},"type":"nic"}],"ephemeral":false,"exec":null,"file":[],"image":"images:ubuntu/22.04","ipv4_address":"10.10.0.155","ipv6_address":"fd42:78ba:e808:b1fa:1266:6aff:fe9c:6d64","mac_address":"10:66:6a:9c:6d:64","name":"app-core","profiles":["default"],"project":null,"remote":null,"running":true,"source_file":null,"source_instance":null,"status":"Running","target":"","type":"container","wait_for":[]},"sensitive_attributes":[]}]},{"mode":"managed","type":"incus_instance","name":"db-postgres","provider":"provider[\"registry.terraform.io/lxc/incus\"]","instances":[{"schema_version":0,"attributes":{"architecture":"x86_64","config":{"security.nesting":"true"},"description":"","device":[{"name":"eth0","properties":{"ipv4.address":"10.10.0.95","network":"red-reservas"},"type":"nic"}],"ephemeral":false,"exec":null,"file":[],"image":"images:ubuntu/22.04","ipv4_address":"10.10.0.205","ipv6_address":"fd42:78ba:e808:b1fa:1266:6aff:fe05:bbbb","mac_address":"10:66:6a:05:bb:bb","name":"db-postgres","profiles":["default"],"project":null,"remote":null,"running":true,"source_file":null,"source_instance":null,"status":"Running","target":"","type":"container","wait_for":[]},"sensitive_attributes":[]}]},{"mode":"managed","type":"incus_instance","name":"monitoring","provider":"provider[\"registry.terraform.io/lxc/incus\"]","instances":[{"schema_version":0,"attributes":{"architecture":"x86_64","config":{"security.nesting":"true"},"description":"","device":[{"name":"eth0","properties":{"ipv4.address":"10.10.0.98","network":"red-reservas"},"type":"nic"}],"ephemeral":false,"exec":null,"file":[],"image":"images:ubuntu/22.04","ipv4_address":"10.10.0.147","ipv6_address":"fd42:78ba:e808:b1fa:1266:6aff:fe9c:25d8","mac_address":"10:66:6a:9c:25:d8","name":"monitoring","profiles":["default"],"project":null,"remote":null,"running":true,"source_file":null,"source_instance":null,"status":"Running","target":"","type":"container","wait_for":[]},"sensitive_attributes":[]}]}],"check_results":null}
